
Microsoft Visual Studio Solution File, Format Version 12.00
# Visual Studio 14
VisualStudioVersion = 14.0.24720.0
MinimumVisualStudioVersion = 10.0.40219.1
Project("{FAE04EC0-301F-11D3-BF4B-00C04F79EFBC}") = "CalcApp", "CalcApp\CalcApp.csproj", "{B2D3BC95-47B4-4CE9-8796-4FF0DA2A6189}"
EndProject
Project("{FAE04EC0-301F-11D3-BF4B-00C04F79EFBC}") = "DeployedCalc", "DeployedCalc\DeployedCalc.csproj", "{5D9010F4-040D-4339-89D2-BBF3B6F7EFB3}"
EndProject
Project("{FAE04EC0-301F-11D3-BF4B-00C04F79EFBC}") = "RPS", "RPS\RPS.csproj", "{7AC5563F-AC02-42DC-B6F3-30D988015B3D}"
EndProject
Project("{FAE04EC0-301F-11D3-BF4B-00C04F79EFBC}") = "TicTacToe", "TicTacToe\TicTacToe.csproj", "{57A84BE7-CB7D-4D97-B640-DABE7C4778EE}"
EndProject
Project("{FAE04EC0-301F-11D3-BF4B-00C04F79EFBC}") = "Connect4", "Connect4\Connect4.csproj", "{3AB4292E-FF1E-4D2D-80D1-AF3B96CF53CE}"
EndProject
Global
	GlobalSection(SolutionConfigurationPlatforms) = preSolution
		Debug|ARM = Debug|ARM
		Debug|x64 = Debug|x64
		Debug|x86 = Debug|x86
		Release|ARM = Release|ARM
		Release|x64 = Release|x64
		Release|x86 = Release|x86
	EndGlobalSection
	GlobalSection(ProjectConfigurationPlatforms) = postSolution
		{B2D3BC95-47B4-4CE9-8796-4FF0DA2A6189}.Debug|ARM.ActiveCfg = Debug|ARM
		{B2D3BC95-47B4-4CE9-8796-4FF0DA2A6189}.Debug|ARM.Build.0 = Debug|ARM
		{B2D3BC95-47B4-4CE9-8796-4FF0DA2A6189}.Debug|ARM.Deploy.0 = Debug|ARM
		{B2D3BC95-47B4-4CE9-8796-4FF0DA2A6189}.Debug|x64.ActiveCfg = Debug|x64
		{B2D3BC95-47B4-4CE9-8796-4FF0DA2A6189}.Debug|x64.Build.0 = Debug|x64
		{B2D3BC95-47B4-4CE9-8796-4FF0DA2A6189}.Debug|x64.Deploy.0 = Debug|x64
		{B2D3BC95-47B4-4CE9-8796-4FF0DA2A6189}.Debug|x86.ActiveCfg = Debug|x86
		{B2D3BC95-47B4-4CE9-8796-4FF0DA2A6189}.Debug|x86.Build.0 = Debug|x86
		{B2D3BC95-47B4-4CE9-8796-4FF0DA2A6189}.Debug|x86.Deploy.0 = Debug|x86
		{B2D3BC95-47B4-4CE9-8796-4FF0DA2A6189}.Release|ARM.ActiveCfg = Release|ARM
		{B2D3BC95-47B4-4CE9-8796-4FF0DA2A6189}.Release|ARM.Build.0 = Release|ARM
		{B2D3BC95-47B4-4CE9-8796-4FF0DA2A6189}.Release|ARM.Deploy.0 = Release|ARM
		{B2D3BC95-47B4-4CE9-8796-4FF0DA2A6189}.Release|x64.ActiveCfg = Release|x64
		{B2D3BC95-47B4-4CE9-8796-4FF0DA2A6189}.Release|x64.Build.0 = Release|x64
		{B2D3BC95-47B4-4CE9-8796-4FF0DA2A6189}.Release|x64.Deploy.0 = Release|x64
		{B2D3BC95-47B4-4CE9-8796-4FF0DA2A6189}.Release|x86.ActiveCfg = Release|x86
		{B2D3BC95-47B4-4CE9-8796-4FF0DA2A6189}.Release|x86.Build.0 = Release|x86
		{B2D3BC95-47B4-4CE9-8796-4FF0DA2A6189}.Release|x86.Deploy.0 = Release|x86
		{5D9010F4-040D-4339-89D2-BBF3B6F7EFB3}.Debug|ARM.ActiveCfg = Debug|ARM
		{5D9010F4-040D-4339-89D2-BBF3B6F7EFB3}.Debug|ARM.Build.0 = Debug|ARM
		{5D9010F4-040D-4339-89D2-BBF3B6F7EFB3}.Debug|ARM.Deploy.0 = Debug|ARM
		{5D9010F4-040D-4339-89D2-BBF3B6F7EFB3}.Debug|x64.ActiveCfg = Debug|x64
		{5D9010F4-040D-4339-89D2-BBF3B6F7EFB3}.Debug|x64.Build.0 = Debug|x64
		{5D9010F4-040D-4339-89D2-BBF3B6F7EFB3}.Debug|x64.Deploy.0 = Debug|x64
		{5D9010F4-040D-4339-89D2-BBF3B6F7EFB3}.Debug|x86.ActiveCfg = Debug|x86
		{5D9010F4-040D-4339-89D2-BBF3B6F7EFB3}.Debug|x86.Build.0 = Debug|x86
		{5D9010F4-040D-4339-89D2-BBF3B6F7EFB3}.Debug|x86.Deploy.0 = Debug|x86
		{5D9010F4-040D-4339-89D2-BBF3B6F7EFB3}.Release|ARM.ActiveCfg = Release|ARM
		{5D9010F4-040D-4339-89D2-BBF3B6F7EFB3}.Release|ARM.Build.0 = Release|ARM
		{5D9010F4-040D-4339-89D2-BBF3B6F7EFB3}.Release|ARM.Deploy.0 = Release|ARM
		{5D9010F4-040D-4339-89D2-BBF3B6F7EFB3}.Release|x64.ActiveCfg = Release|x64
		{5D9010F4-040D-4339-89D2-BBF3B6F7EFB3}.Release|x64.Build.0 = Release|x64
		{5D9010F4-040D-4339-89D2-BBF3B6F7EFB3}.Release|x64.Deploy.0 = Release|x64
		{5D9010F4-040D-4339-89D2-BBF3B6F7EFB3}.Release|x86.ActiveCfg = Release|x86
		{5D9010F4-040D-4339-89D2-BBF3B6F7EFB3}.Release|x86.Build.0 = Release|x86
		{5D9010F4-040D-4339-89D2-BBF3B6F7EFB3}.Release|x86.Deploy.0 = Release|x86
		{7AC5563F-AC02-42DC-B6F3-30D988015B3D}.Debug|ARM.ActiveCfg = Debug|ARM
		{7AC5563F-AC02-42DC-B6F3-30D988015B3D}.Debug|ARM.Build.0 = Debug|ARM
		{7AC5563F-AC02-42DC-B6F3-30D988015B3D}.Debug|ARM.Deploy.0 = Debug|ARM
		{7AC5563F-AC02-42DC-B6F3-30D988015B3D}.Debug|x64.ActiveCfg = Debug|x64
		{7AC5563F-AC02-42DC-B6F3-30D988015B3D}.Debug|x64.Build.0 = Debug|x64
		{7AC5563F-AC02-42DC-B6F3-30D988015B3D}.Debug|x64.Deploy.0 = Debug|x64
		{7AC5563F-AC02-42DC-B6F3-30D988015B3D}.Debug|x86.ActiveCfg = Debug|x86
		{7AC5563F-AC02-42DC-B6F3-30D988015B3D}.Debug|x86.Build.0 = Debug|x86
		{7AC5563F-AC02-42DC-B6F3-30D988015B3D}.Debug|x86.Deploy.0 = Debug|x86
		{7AC5563F-AC02-42DC-B6F3-30D988015B3D}.Release|ARM.ActiveCfg = Release|ARM
		{7AC5563F-AC02-42DC-B6F3-30D988015B3D}.Release|ARM.Build.0 = Release|ARM
		{7AC5563F-AC02-42DC-B6F3-30D988015B3D}.Release|ARM.Deploy.0 = Release|ARM
		{7AC5563F-AC02-42DC-B6F3-30D988015B3D}.Release|x64.ActiveCfg = Release|x64
		{7AC5563F-AC02-42DC-B6F3-30D988015B3D}.Release|x64.Build.0 = Release|x64
		{7AC5563F-AC02-42DC-B6F3-30D988015B3D}.Release|x64.Deploy.0 = Release|x64
		{7AC5563F-AC02-42DC-B6F3-30D988015B3D}.Release|x86.ActiveCfg = Release|x86
		{7AC5563F-AC02-42DC-B6F3-30D988015B3D}.Release|x86.Build.0 = Release|x86
		{7AC5563F-AC02-42DC-B6F3-30D988015B3D}.Release|x86.Deploy.0 = Release|x86
		{57A84BE7-CB7D-4D97-B640-DABE7C4778EE}.Debug|ARM.ActiveCfg = Debug|ARM
		{57A84BE7-CB7D-4D97-B640-DABE7C4778EE}.Debug|ARM.Build.0 = Debug|ARM
		{57A84BE7-CB7D-4D97-B640-DABE7C4778EE}.Debug|ARM.Deploy.0 = Debug|ARM
		{57A84BE7-CB7D-4D97-B640-DABE7C4778EE}.Debug|x64.ActiveCfg = Debug|x64
		{57A84BE7-CB7D-4D97-B640-DABE7C4778EE}.Debug|x64.Build.0 = Debug|x64
		{57A84BE7-CB7D-4D97-B640-DABE7C4778EE}.Debug|x64.Deploy.0 = Debug|x64
		{57A84BE7-CB7D-4D97-B640-DABE7C4778EE}.Debug|x86.ActiveCfg = Debug|x86
		{57A84BE7-CB7D-4D97-B640-DABE7C4778EE}.Debug|x86.Build.0 = Debug|x86
		{57A84BE7-CB7D-4D97-B640-DABE7C4778EE}.Debug|x86.Deploy.0 = Debug|x86
		{57A84BE7-CB7D-4D97-B640-DABE7C4778EE}.Release|ARM.ActiveCfg = Release|ARM
		{57A84BE7-CB7D-4D97-B640-DABE7C4778EE}.Release|ARM.Build.0 = Release|ARM
		{57A84BE7-CB7D-4D97-B640-DABE7C4778EE}.Release|ARM.Deploy.0 = Release|ARM
		{57A84BE7-CB7D-4D97-B640-DABE7C4778EE}.Release|x64.ActiveCfg = Release|x64
		{57A84BE7-CB7D-4D97-B640-DABE7C4778EE}.Release|x64.Build.0 = Release|x64
		{57A84BE7-CB7D-4D97-B640-DABE7C4778EE}.Release|x64.Deploy.0 = Release|x64
		{57A84BE7-CB7D-4D97-B640-DABE7C4778EE}.Release|x86.ActiveCfg = Release|x86
		{57A84BE7-CB7D-4D97-B640-DABE7C4778EE}.Release|x86.Build.0 = Release|x86
		{57A84BE7-CB7D-4D97-B640-DABE7C4778EE}.Release|x86.Deploy.0 = Release|x86
		{3AB4292E-FF1E-4D2D-80D1-AF3B96CF53CE}.Debug|ARM.ActiveCfg = Debug|ARM
		{3AB4292E-FF1E-4D2D-80D1-AF3B96CF53CE}.Debug|ARM.Build.0 = Debug|ARM
		{3AB4292E-FF1E-4D2D-80D1-AF3B96CF53CE}.Debug|ARM.Deploy.0 = Debug|ARM
		{3AB4292E-FF1E-4D2D-80D1-AF3B96CF53CE}.Debug|x64.ActiveCfg = Debug|x64
		{3AB4292E-FF1E-4D2D-80D1-AF3B96CF53CE}.Debug|x64.Build.0 = Debug|x64
		{3AB4292E-FF1E-4D2D-80D1-AF3B96CF53CE}.Debug|x64.Deploy.0 = Debug|x64
		{3AB4292E-FF1E-4D2D-80D1-AF3B96CF53CE}.Debug|x86.ActiveCfg = Debug|x86
		{3AB4292E-FF1E-4D2D-80D1-AF3B96CF53CE}.Debug|x86.Build.0 = Debug|x86
		{3AB4292E-FF1E-4D2D-80D1-AF3B96CF53CE}.Debug|x86.Deploy.0 = Debug|x86
		{3AB4292E-FF1E-4D2D-80D1-AF3B96CF53CE}.Release|ARM.ActiveCfg = Release|ARM
		{3AB4292E-FF1E-4D2D-80D1-AF3B96CF53CE}.Release|ARM.Build.0 = Release|ARM
		{3AB4292E-FF1E-4D2D-80D1-AF3B96CF53CE}.Release|ARM.Deploy.0 = Release|ARM
		{3AB4292E-FF1E-4D2D-80D1-AF3B96CF53CE}.Release|x64.ActiveCfg = Release|x64
		{3AB4292E-FF1E-4D2D-80D1-AF3B96CF53CE}.Release|x64.Build.0 = Release|x64
		{3AB4292E-FF1E-4D2D-80D1-AF3B96CF53CE}.Release|x64.Deploy.0 = Release|x64
		{3AB4292E-FF1E-4D2D-80D1-AF3B96CF53CE}.Release|x86.ActiveCfg = Release|x86
		{3AB4292E-FF1E-4D2D-80D1-AF3B96CF53CE}.Release|x86.Build.0 = Release|x86
		{3AB4292E-FF1E-4D2D-80D1-AF3B96CF53CE}.Release|x86.Deploy.0 = Release|x86
	EndGlobalSection
	GlobalSection(SolutionProperties) = preSolution
		HideSolutionNode = FALSE
	EndGlobalSection
EndGlobal
